// !$*UTF8*$!
{
	archiveVersion = 1;
	classes = {
	};
	objectVersion = 55;
	objects = {

/* Begin PBXBuildFile section */
		75317DE1273170C90044F320 /* main.cpp in Sources */ = {isa = PBXBuildFile; fileRef = 75317DE0273170C90044F320 /* main.cpp */; };
		754B41E127351FAD00EED541 /* Controller.cpp in Sources */ = {isa = PBXBuildFile; fileRef = 754B41DF27351FAD00EED541 /* Controller.cpp */; };
		754B41E72735208500EED541 /* Board.cpp in Sources */ = {isa = PBXBuildFile; fileRef = 754B41E52735208500EED541 /* Board.cpp */; };
		754B4200273542BC00EED541 /* King.cpp in Sources */ = {isa = PBXBuildFile; fileRef = 754B41FE273542BC00EED541 /* King.cpp */; };
		754B42032735491C00EED541 /* Player.cpp in Sources */ = {isa = PBXBuildFile; fileRef = 754B42012735491C00EED541 /* Player.cpp */; };
/* End PBXBuildFile section */

/* Begin PBXCopyFilesBuildPhase section */
		75317DDB273170C90044F320 /* CopyFiles */ = {
			isa = PBXCopyFilesBuildPhase;
			buildActionMask = 2147483647;
			dstPath = /usr/share/man/man1/;
			dstSubfolderSpec = 0;
			files = (
			);
			runOnlyForDeploymentPostprocessing = 1;
		};
/* End PBXCopyFilesBuildPhase section */

/* Begin PBXFileReference section */
		75317DDD273170C90044F320 /* ex2 */ = {isa = PBXFileReference; explicitFileType = "compiled.mach-o.executable"; includeInIndex = 0; path = ex2; sourceTree = BUILT_PRODUCTS_DIR; };
		75317DE0273170C90044F320 /* main.cpp */ = {isa = PBXFileReference; lastKnownFileType = sourcecode.cpp.cpp; path = main.cpp; sourceTree = "<group>"; };
		754B41DC2732F83E00EED541 /* Level2 */ = {isa = PBXFileReference; lastKnownFileType = text; path = Level2; sourceTree = "<group>"; };
		754B41DD2734576200EED541 /* Levels */ = {isa = PBXFileReference; lastKnownFileType = text; path = Levels; sourceTree = "<group>"; };
		754B41DE27345B7100EED541 /* Level1 */ = {isa = PBXFileReference; lastKnownFileType = text; path = Level1; sourceTree = "<group>"; };
		754B41DF27351FAD00EED541 /* Controller.cpp */ = {isa = PBXFileReference; lastKnownFileType = sourcecode.cpp.cpp; path = Controller.cpp; sourceTree = "<group>"; };
		754B41E027351FAD00EED541 /* Controller.hpp */ = {isa = PBXFileReference; lastKnownFileType = sourcecode.cpp.h; path = Controller.hpp; sourceTree = "<group>"; };
		754B41E52735208500EED541 /* Board.cpp */ = {isa = PBXFileReference; lastKnownFileType = sourcecode.cpp.cpp; path = Board.cpp; sourceTree = "<group>"; };
		754B41E62735208500EED541 /* Board.hpp */ = {isa = PBXFileReference; lastKnownFileType = sourcecode.cpp.h; path = Board.hpp; sourceTree = "<group>"; };
		754B41FE273542BC00EED541 /* King.cpp */ = {isa = PBXFileReference; lastKnownFileType = sourcecode.cpp.cpp; path = King.cpp; sourceTree = "<group>"; };
		754B41FF273542BC00EED541 /* King.hpp */ = {isa = PBXFileReference; lastKnownFileType = sourcecode.cpp.h; path = King.hpp; sourceTree = "<group>"; };
		754B42012735491C00EED541 /* Player.cpp */ = {isa = PBXFileReference; lastKnownFileType = sourcecode.cpp.cpp; path = Player.cpp; sourceTree = "<group>"; };
		754B42022735491C00EED541 /* Player.hpp */ = {isa = PBXFileReference; lastKnownFileType = sourcecode.cpp.h; path = Player.hpp; sourceTree = "<group>"; };
/* End PBXFileReference section */

/* Begin PBXFrameworksBuildPhase section */
		75317DDA273170C90044F320 /* Frameworks */ = {
			isa = PBXFrameworksBuildPhase;
			buildActionMask = 2147483647;
			files = (
			);
			runOnlyForDeploymentPostprocessing = 0;
		};
/* End PBXFrameworksBuildPhase section */

/* Begin PBXGroup section */
		75317DD4273170C90044F320 = {
			isa = PBXGroup;
			children = (
				75317DDF273170C90044F320 /* ex2 */,
				75317DDE273170C90044F320 /* Products */,
			);
			sourceTree = "<group>";
		};
		75317DDE273170C90044F320 /* Products */ = {
			isa = PBXGroup;
			children = (
				75317DDD273170C90044F320 /* ex2 */,
			);
			name = Products;
			sourceTree = "<group>";
		};
		75317DDF273170C90044F320 /* ex2 */ = {
			isa = PBXGroup;
			children = (
				754B41E427351FD800EED541 /* rcs */,
				754B41E227351FB700EED541 /* include */,
				754B41E327351FC200EED541 /* src */,
			);
			path = ex2;
			sourceTree = "<group>";
		};
		754B41E227351FB700EED541 /* include */ = {
			isa = PBXGroup;
			children = (
				754B41E027351FAD00EED541 /* Controller.hpp */,
				754B41FF273542BC00EED541 /* King.hpp */,
				754B42022735491C00EED541 /* Player.hpp */,
				754B41E62735208500EED541 /* Board.hpp */,
			);
			path = include;
			sourceTree = "<group>";
		};
		754B41E327351FC200EED541 /* src */ = {
			isa = PBXGroup;
			children = (
				754B41DF27351FAD00EED541 /* Controller.cpp */,
				754B41E52735208500EED541 /* Board.cpp */,
				754B42012735491C00EED541 /* Player.cpp */,
				754B41FE273542BC00EED541 /* King.cpp */,
				75317DE0273170C90044F320 /* main.cpp */,
			);
			path = src;
			sourceTree = "<group>";
		};
		754B41E427351FD800EED541 /* rcs */ = {
			isa = PBXGroup;
			children = (
				754B41DD2734576200EED541 /* Levels */,
				754B41DE27345B7100EED541 /* Level1 */,
				754B41DC2732F83E00EED541 /* Level2 */,
			);
			path = rcs;
			sourceTree = "<group>";
		};
/* End PBXGroup section */

/* Begin PBXNativeTarget section */
		75317DDC273170C90044F320 /* ex2 */ = {
			isa = PBXNativeTarget;
			buildConfigurationList = 75317DE4273170C90044F320 /* Build configuration list for PBXNativeTarget "ex2" */;
			buildPhases = (
				75317DD9273170C90044F320 /* Sources */,
				75317DDA273170C90044F320 /* Frameworks */,
				75317DDB273170C90044F320 /* CopyFiles */,
			);
			buildRules = (
			);
			dependencies = (
			);
			name = ex2;
			productName = ex2;
			productReference = 75317DDD273170C90044F320 /* ex2 */;
			productType = "com.apple.product-type.tool";
		};
/* End PBXNativeTarget section */

/* Begin PBXProject section */
		75317DD5273170C90044F320 /* Project object */ = {
			isa = PBXProject;
			attributes = {
				BuildIndependentTargetsInParallel = 1;
				LastUpgradeCheck = 1310;
				TargetAttributes = {
					75317DDC273170C90044F320 = {
						CreatedOnToolsVersion = 13.1;
					};
				};
			};
			buildConfigurationList = 75317DD8273170C90044F320 /* Build configuration list for PBXProject "ex2" */;
			compatibilityVersion = "Xcode 13.0";
			developmentRegion = en;
			hasScannedForEncodings = 0;
			knownRegions = (
				en,
				Base,
			);
			mainGroup = 75317DD4273170C90044F320;
			productRefGroup = 75317DDE273170C90044F320 /* Products */;
			projectDirPath = "";
			projectRoot = "";
			targets = (
				75317DDC273170C90044F320 /* ex2 */,
			);
		};
/* End PBXProject section */

/* Begin PBXSourcesBuildPhase section */
		75317DD9273170C90044F320 /* Sources */ = {
			isa = PBXSourcesBuildPhase;
			buildActionMask = 2147483647;
			files = (
				754B41E72735208500EED541 /* Board.cpp in Sources */,
				75317DE1273170C90044F320 /* main.cpp in Sources */,
				754B4200273542BC00EED541 /* King.cpp in Sources */,
				754B41E127351FAD00EED541 /* Controller.cpp in Sources */,
				754B42032735491C00EED541 /* Player.cpp in Sources */,
			);
			runOnlyForDeploymentPostprocessing = 0;
		};
/* End PBXSourcesBuildPhase section */

/* Begin XCBuildConfiguration section */
		75317DE2273170C90044F320 /* Debug */ = {
			isa = XCBuildConfiguration;
			buildSettings = {
				ALWAYS_SEARCH_USER_PATHS = NO;
				CLANG_ANALYZER_NONNULL = YES;
				CLANG_ANALYZER_NUMBER_OBJECT_CONVERSION = YES_AGGRESSIVE;
				CLANG_CXX_LANGUAGE_STANDARD = "gnu++17";
				CLANG_CXX_LIBRARY = "libc++";
				CLANG_ENABLE_MODULES = YES;
				CLANG_ENABLE_OBJC_ARC = YES;
				CLANG_ENABLE_OBJC_WEAK = YES;
				CLANG_WARN_BLOCK_CAPTURE_AUTORELEASING = YES;
				CLANG_WARN_BOOL_CONVERSION = YES;
				CLANG_WARN_COMMA = YES;
				CLANG_WARN_CONSTANT_CONVERSION = YES;
				CLANG_WARN_DEPRECATED_OBJC_IMPLEMENTATIONS = YES;
				CLANG_WARN_DIRECT_OBJC_ISA_USAGE = YES_ERROR;
				CLANG_WARN_DOCUMENTATION_COMMENTS = YES;
				CLANG_WARN_EMPTY_BODY = YES;
				CLANG_WARN_ENUM_CONVERSION = YES;
				CLANG_WARN_INFINITE_RECURSION = YES;
				CLANG_WARN_INT_CONVERSION = YES;
				CLANG_WARN_NON_LITERAL_NULL_CONVERSION = YES;
				CLANG_WARN_OBJC_IMPLICIT_RETAIN_SELF = YES;
				CLANG_WARN_OBJC_LITERAL_CONVERSION = YES;
				CLANG_WARN_OBJC_ROOT_CLASS = YES_ERROR;
				CLANG_WARN_QUOTED_INCLUDE_IN_FRAMEWORK_HEADER = YES;
				CLANG_WARN_RANGE_LOOP_ANALYSIS = YES;
				CLANG_WARN_STRICT_PROTOTYPES = YES;
				CLANG_WARN_SUSPICIOUS_MOVE = YES;
				CLANG_WARN_UNGUARDED_AVAILABILITY = YES_AGGRESSIVE;
				CLANG_WARN_UNREACHABLE_CODE = YES;
				CLANG_WARN__DUPLICATE_METHOD_MATCH = YES;
				COPY_PHASE_STRIP = NO;
				DEBUG_INFORMATION_FORMAT = dwarf;
				ENABLE_STRICT_OBJC_MSGSEND = YES;
				ENABLE_TESTABILITY = YES;
				GCC_C_LANGUAGE_STANDARD = gnu11;
				GCC_DYNAMIC_NO_PIC = NO;
				GCC_NO_COMMON_BLOCKS = YES;
				GCC_OPTIMIZATION_LEVEL = 0;
				GCC_PREPROCESSOR_DEFINITIONS = (
					"DEBUG=1",
					"$(inherited)",
				);
				GCC_WARN_64_TO_32_BIT_CONVERSION = YES;
				GCC_WARN_ABOUT_RETURN_TYPE = YES_ERROR;
				GCC_WARN_UNDECLARED_SELECTOR = YES;
				GCC_WARN_UNINITIALIZED_AUTOS = YES_AGGRESSIVE;
				GCC_WARN_UNUSED_FUNCTION = YES;
				GCC_WARN_UNUSED_VARIABLE = YES;
				MACOSX_DEPLOYMENT_TARGET = 11.6;
				MTL_ENABLE_DEBUG_INFO = INCLUDE_SOURCE;
				MTL_FAST_MATH = YES;
				ONLY_ACTIVE_ARCH = YES;
				SDKROOT = macosx;
			};
			name = Debug;
		};
		75317DE3273170C90044F320 /* Release */ = {
			isa = XCBuildConfiguration;
			buildSettings = {
				ALWAYS_SEARCH_USER_PATHS = NO;
				CLANG_ANALYZER_NONNULL = YES;
				CLANG_ANALYZER_NUMBER_OBJECT_CONVERSION = YES_AGGRESSIVE;
				CLANG_CXX_LANGUAGE_STANDARD = "gnu++17";
				CLANG_CXX_LIBRARY = "libc++";
				CLANG_ENABLE_MODULES = YES;
				CLANG_ENABLE_OBJC_ARC = YES;
				CLANG_ENABLE_OBJC_WEAK = YES;
				CLANG_WARN_BLOCK_CAPTURE_AUTORELEASING = YES;
				CLANG_WARN_BOOL_CONVERSION = YES;
				CLANG_WARN_COMMA = YES;
				CLANG_WARN_CONSTANT_CONVERSION = YES;
				CLANG_WARN_DEPRECATED_OBJC_IMPLEMENTATIONS = YES;
				CLANG_WARN_DIRECT_OBJC_ISA_USAGE = YES_ERROR;
				CLANG_WARN_DOCUMENTATION_COMMENTS = YES;
				CLANG_WARN_EMPTY_BODY = YES;
				CLANG_WARN_ENUM_CONVERSION = YES;
				CLANG_WARN_INFINITE_RECURSION = YES;
				CLANG_WARN_INT_CONVERSION = YES;
				CLANG_WARN_NON_LITERAL_NULL_CONVERSION = YES;
				CLANG_WARN_OBJC_IMPLICIT_RETAIN_SELF = YES;
				CLANG_WARN_OBJC_LITERAL_CONVERSION = YES;
				CLANG_WARN_OBJC_ROOT_CLASS = YES_ERROR;
				CLANG_WARN_QUOTED_INCLUDE_IN_FRAMEWORK_HEADER = YES;
				CLANG_WARN_RANGE_LOOP_ANALYSIS = YES;
				CLANG_WARN_STRICT_PROTOTYPES = YES;
				CLANG_WARN_SUSPICIOUS_MOVE = YES;
				CLANG_WARN_UNGUARDED_AVAILABILITY = YES_AGGRESSIVE;
				CLANG_WARN_UNREACHABLE_CODE = YES;
				CLANG_WARN__DUPLICATE_METHOD_MATCH = YES;
				COPY_PHASE_STRIP = NO;
				DEBUG_INFORMATION_FORMAT = "dwarf-with-dsym";
				ENABLE_NS_ASSERTIONS = NO;
				ENABLE_STRICT_OBJC_MSGSEND = YES;
				GCC_C_LANGUAGE_STANDARD = gnu11;
				GCC_NO_COMMON_BLOCKS = YES;
				GCC_WARN_64_TO_32_BIT_CONVERSION = YES;
				GCC_WARN_ABOUT_RETURN_TYPE = YES_ERROR;
				GCC_WARN_UNDECLARED_SELECTOR = YES;
				GCC_WARN_UNINITIALIZED_AUTOS = YES_AGGRESSIVE;
				GCC_WARN_UNUSED_FUNCTION = YES;
				GCC_WARN_UNUSED_VARIABLE = YES;
				MACOSX_DEPLOYMENT_TARGET = 11.6;
				MTL_ENABLE_DEBUG_INFO = NO;
				MTL_FAST_MATH = YES;
				SDKROOT = macosx;
			};
			name = Release;
		};
		75317DE5273170C90044F320 /* Debug */ = {
			isa = XCBuildConfiguration;
			buildSettings = {
				CODE_SIGN_STYLE = Automatic;
				PRODUCT_NAME = "$(TARGET_NAME)";
			};
			name = Debug;
		};
		75317DE6273170C90044F320 /* Release */ = {
			isa = XCBuildConfiguration;
			buildSettings = {
				CODE_SIGN_STYLE = Automatic;
				PRODUCT_NAME = "$(TARGET_NAME)";
			};
			name = Release;
		};
/* End XCBuildConfiguration section */

/* Begin XCConfigurationList section */
		75317DD8273170C90044F320 /* Build configuration list for PBXProject "ex2" */ = {
			isa = XCConfigurationList;
			buildConfigurations = (
				75317DE2273170C90044F320 /* Debug */,
				75317DE3273170C90044F320 /* Release */,
			);
			defaultConfigurationIsVisible = 0;
			defaultConfigurationName = Release;
		};
		75317DE4273170C90044F320 /* Build configuration list for PBXNativeTarget "ex2" */ = {
			isa = XCConfigurationList;
			buildConfigurations = (
				75317DE5273170C90044F320 /* Debug */,
				75317DE6273170C90044F320 /* Release */,
			);
			defaultConfigurationIsVisible = 0;
			defaultConfigurationName = Release;
		};
/* End XCConfigurationList section */
	};
	rootObject = 75317DD5273170C90044F320 /* Project object */;
}
